
Microsoft Visual Studio Solution File, Format Version 12.00
# Visual Studio Version 16
VisualStudioVersion = 16.0.29123.89
MinimumVisualStudioVersion = 10.0.40219.1
Project("{D954291E-2A0B-460D-934E-DC6B0785DB48}") = "Todo.Shared", "Todo\Todo.Shared\Todo.Shared.shproj", "{6279C845-92F8-4333-AB99-3D213163593C}"
EndProject
Project("{FAE04EC0-301F-11D3-BF4B-00C04F79EFBC}") = "Todo.Droid", "Todo\Todo.Droid\Todo.Droid.csproj", "{2BF916A5-7FA2-4954-851B-E3A1A4E9A0F7}"
EndProject
Project("{FAE04EC0-301F-11D3-BF4B-00C04F79EFBC}") = "Todo.iOS", "Todo\Todo.iOS\Todo.iOS.csproj", "{4DA54D63-41C6-4398-AD57-70F10B0C977A}"
EndProject
Project("{FAE04EC0-301F-11D3-BF4B-00C04F79EFBC}") = "Todo.UWP", "Todo\Todo.UWP\Todo.UWP.csproj", "{DAA6285C-8324-4FD2-9A38-776728B5904B}"
EndProject
Project("{9A19103F-16F7-4668-BE54-9A1E7A4F7556}") = "Todo.Wasm", "Todo\Todo.Wasm\Todo.Wasm.csproj", "{C233BB84-6F94-4244-9F98-F1C246948CAB}"
EndProject
Project("{FAE04EC0-301F-11D3-BF4B-00C04F79EFBC}") = "Todo.Tests", "Todo.Tests\Todo.Tests.csproj", "{03CD9170-5D69-4CE6-9524-9B359626A685}"
EndProject
Global
	GlobalSection(SharedMSBuildProjectFiles) = preSolution
		Todo\Todo.Shared\Todo.Shared.projitems*{2bf916a5-7fa2-4954-851b-e3a1a4e9a0f7}*SharedItemsImports = 4
		Todo\Todo.Shared\Todo.Shared.projitems*{4da54d63-41c6-4398-ad57-70f10b0c977a}*SharedItemsImports = 4
		Todo\Todo.Shared\Todo.Shared.projitems*{6279c845-92f8-4333-ab99-3d213163593c}*SharedItemsImports = 13
		Todo\Todo.Shared\Todo.Shared.projitems*{daa6285c-8324-4fd2-9a38-776728b5904b}*SharedItemsImports = 4
	EndGlobalSection
	GlobalSection(SolutionConfigurationPlatforms) = preSolution
		Ad-Hoc|Any CPU = Ad-Hoc|Any CPU
		Ad-Hoc|ARM = Ad-Hoc|ARM
		Ad-Hoc|iPhone = Ad-Hoc|iPhone
		Ad-Hoc|iPhoneSimulator = Ad-Hoc|iPhoneSimulator
		Ad-Hoc|x64 = Ad-Hoc|x64
		Ad-Hoc|x86 = Ad-Hoc|x86
		AppStore|Any CPU = AppStore|Any CPU
		AppStore|ARM = AppStore|ARM
		AppStore|iPhone = AppStore|iPhone
		AppStore|iPhoneSimulator = AppStore|iPhoneSimulator
		AppStore|x64 = AppStore|x64
		AppStore|x86 = AppStore|x86
		Debug|Any CPU = Debug|Any CPU
		Debug|ARM = Debug|ARM
		Debug|iPhone = Debug|iPhone
		Debug|iPhoneSimulator = Debug|iPhoneSimulator
		Debug|x64 = Debug|x64
		Debug|x86 = Debug|x86
		Release|Any CPU = Release|Any CPU
		Release|ARM = Release|ARM
		Release|iPhone = Release|iPhone
		Release|iPhoneSimulator = Release|iPhoneSimulator
		Release|x64 = Release|x64
		Release|x86 = Release|x86
	EndGlobalSection
	GlobalSection(ProjectConfigurationPlatforms) = postSolution
		{2BF916A5-7FA2-4954-851B-E3A1A4E9A0F7}.Ad-Hoc|Any CPU.ActiveCfg = Release|Any CPU
		{2BF916A5-7FA2-4954-851B-E3A1A4E9A0F7}.Ad-Hoc|Any CPU.Build.0 = Release|Any CPU
		{2BF916A5-7FA2-4954-851B-E3A1A4E9A0F7}.Ad-Hoc|Any CPU.Deploy.0 = Release|Any CPU
		{2BF916A5-7FA2-4954-851B-E3A1A4E9A0F7}.Ad-Hoc|ARM.ActiveCfg = Release|Any CPU
		{2BF916A5-7FA2-4954-851B-E3A1A4E9A0F7}.Ad-Hoc|ARM.Build.0 = Release|Any CPU
		{2BF916A5-7FA2-4954-851B-E3A1A4E9A0F7}.Ad-Hoc|ARM.Deploy.0 = Release|Any CPU
		{2BF916A5-7FA2-4954-851B-E3A1A4E9A0F7}.Ad-Hoc|iPhone.ActiveCfg = Release|Any CPU
		{2BF916A5-7FA2-4954-851B-E3A1A4E9A0F7}.Ad-Hoc|iPhone.Build.0 = Release|Any CPU
		{2BF916A5-7FA2-4954-851B-E3A1A4E9A0F7}.Ad-Hoc|iPhone.Deploy.0 = Release|Any CPU
		{2BF916A5-7FA2-4954-851B-E3A1A4E9A0F7}.Ad-Hoc|iPhoneSimulator.ActiveCfg = Release|Any CPU
		{2BF916A5-7FA2-4954-851B-E3A1A4E9A0F7}.Ad-Hoc|iPhoneSimulator.Build.0 = Release|Any CPU
		{2BF916A5-7FA2-4954-851B-E3A1A4E9A0F7}.Ad-Hoc|iPhoneSimulator.Deploy.0 = Release|Any CPU
		{2BF916A5-7FA2-4954-851B-E3A1A4E9A0F7}.Ad-Hoc|x64.ActiveCfg = Release|Any CPU
		{2BF916A5-7FA2-4954-851B-E3A1A4E9A0F7}.Ad-Hoc|x64.Build.0 = Release|Any CPU
		{2BF916A5-7FA2-4954-851B-E3A1A4E9A0F7}.Ad-Hoc|x64.Deploy.0 = Release|Any CPU
		{2BF916A5-7FA2-4954-851B-E3A1A4E9A0F7}.Ad-Hoc|x86.ActiveCfg = Release|Any CPU
		{2BF916A5-7FA2-4954-851B-E3A1A4E9A0F7}.Ad-Hoc|x86.Build.0 = Release|Any CPU
		{2BF916A5-7FA2-4954-851B-E3A1A4E9A0F7}.Ad-Hoc|x86.Deploy.0 = Release|Any CPU
		{2BF916A5-7FA2-4954-851B-E3A1A4E9A0F7}.AppStore|Any CPU.ActiveCfg = Release|Any CPU
		{2BF916A5-7FA2-4954-851B-E3A1A4E9A0F7}.AppStore|Any CPU.Build.0 = Release|Any CPU
		{2BF916A5-7FA2-4954-851B-E3A1A4E9A0F7}.AppStore|Any CPU.Deploy.0 = Release|Any CPU
		{2BF916A5-7FA2-4954-851B-E3A1A4E9A0F7}.AppStore|ARM.ActiveCfg = Release|Any CPU
		{2BF916A5-7FA2-4954-851B-E3A1A4E9A0F7}.AppStore|ARM.Build.0 = Release|Any CPU
		{2BF916A5-7FA2-4954-851B-E3A1A4E9A0F7}.AppStore|ARM.Deploy.0 = Release|Any CPU
		{2BF916A5-7FA2-4954-851B-E3A1A4E9A0F7}.AppStore|iPhone.ActiveCfg = Release|Any CPU
		{2BF916A5-7FA2-4954-851B-E3A1A4E9A0F7}.AppStore|iPhone.Build.0 = Release|Any CPU
		{2BF916A5-7FA2-4954-851B-E3A1A4E9A0F7}.AppStore|iPhone.Deploy.0 = Release|Any CPU
		{2BF916A5-7FA2-4954-851B-E3A1A4E9A0F7}.AppStore|iPhoneSimulator.ActiveCfg = Release|Any CPU
		{2BF916A5-7FA2-4954-851B-E3A1A4E9A0F7}.AppStore|iPhoneSimulator.Build.0 = Release|Any CPU
		{2BF916A5-7FA2-4954-851B-E3A1A4E9A0F7}.AppStore|iPhoneSimulator.Deploy.0 = Release|Any CPU
		{2BF916A5-7FA2-4954-851B-E3A1A4E9A0F7}.AppStore|x64.ActiveCfg = Release|Any CPU
		{2BF916A5-7FA2-4954-851B-E3A1A4E9A0F7}.AppStore|x64.Build.0 = Release|Any CPU
		{2BF916A5-7FA2-4954-851B-E3A1A4E9A0F7}.AppStore|x64.Deploy.0 = Release|Any CPU
		{2BF916A5-7FA2-4954-851B-E3A1A4E9A0F7}.AppStore|x86.ActiveCfg = Release|Any CPU
		{2BF916A5-7FA2-4954-851B-E3A1A4E9A0F7}.AppStore|x86.Build.0 = Release|Any CPU
		{2BF916A5-7FA2-4954-851B-E3A1A4E9A0F7}.AppStore|x86.Deploy.0 = Release|Any CPU
		{2BF916A5-7FA2-4954-851B-E3A1A4E9A0F7}.Debug|Any CPU.ActiveCfg = Debug|Any CPU
		{2BF916A5-7FA2-4954-851B-E3A1A4E9A0F7}.Debug|Any CPU.Build.0 = Debug|Any CPU
		{2BF916A5-7FA2-4954-851B-E3A1A4E9A0F7}.Debug|Any CPU.Deploy.0 = Debug|Any CPU
		{2BF916A5-7FA2-4954-851B-E3A1A4E9A0F7}.Debug|ARM.ActiveCfg = Debug|Any CPU
		{2BF916A5-7FA2-4954-851B-E3A1A4E9A0F7}.Debug|ARM.Build.0 = Debug|Any CPU
		{2BF916A5-7FA2-4954-851B-E3A1A4E9A0F7}.Debug|ARM.Deploy.0 = Debug|Any CPU
		{2BF916A5-7FA2-4954-851B-E3A1A4E9A0F7}.Debug|iPhone.ActiveCfg = Debug|Any CPU
		{2BF916A5-7FA2-4954-851B-E3A1A4E9A0F7}.Debug|iPhone.Build.0 = Debug|Any CPU
		{2BF916A5-7FA2-4954-851B-E3A1A4E9A0F7}.Debug|iPhone.Deploy.0 = Debug|Any CPU
		{2BF916A5-7FA2-4954-851B-E3A1A4E9A0F7}.Debug|iPhoneSimulator.ActiveCfg = Debug|Any CPU
		{2BF916A5-7FA2-4954-851B-E3A1A4E9A0F7}.Debug|iPhoneSimulator.Build.0 = Debug|Any CPU
		{2BF916A5-7FA2-4954-851B-E3A1A4E9A0F7}.Debug|iPhoneSimulator.Deploy.0 = Debug|Any CPU
		{2BF916A5-7FA2-4954-851B-E3A1A4E9A0F7}.Debug|x64.ActiveCfg = Debug|Any CPU
		{2BF916A5-7FA2-4954-851B-E3A1A4E9A0F7}.Debug|x64.Build.0 = Debug|Any CPU
		{2BF916A5-7FA2-4954-851B-E3A1A4E9A0F7}.Debug|x64.Deploy.0 = Debug|Any CPU
		{2BF916A5-7FA2-4954-851B-E3A1A4E9A0F7}.Debug|x86.ActiveCfg = Debug|Any CPU
		{2BF916A5-7FA2-4954-851B-E3A1A4E9A0F7}.Debug|x86.Build.0 = Debug|Any CPU
		{2BF916A5-7FA2-4954-851B-E3A1A4E9A0F7}.Debug|x86.Deploy.0 = Debug|Any CPU
		{2BF916A5-7FA2-4954-851B-E3A1A4E9A0F7}.Release|Any CPU.ActiveCfg = Release|Any CPU
		{2BF916A5-7FA2-4954-851B-E3A1A4E9A0F7}.Release|Any CPU.Build.0 = Release|Any CPU
		{2BF916A5-7FA2-4954-851B-E3A1A4E9A0F7}.Release|Any CPU.Deploy.0 = Release|Any CPU
		{2BF916A5-7FA2-4954-851B-E3A1A4E9A0F7}.Release|ARM.ActiveCfg = Release|Any CPU
		{2BF916A5-7FA2-4954-851B-E3A1A4E9A0F7}.Release|ARM.Build.0 = Release|Any CPU
		{2BF916A5-7FA2-4954-851B-E3A1A4E9A0F7}.Release|ARM.Deploy.0 = Release|Any CPU
		{2BF916A5-7FA2-4954-851B-E3A1A4E9A0F7}.Release|iPhone.ActiveCfg = Release|Any CPU
		{2BF916A5-7FA2-4954-851B-E3A1A4E9A0F7}.Release|iPhone.Build.0 = Release|Any CPU
		{2BF916A5-7FA2-4954-851B-E3A1A4E9A0F7}.Release|iPhone.Deploy.0 = Release|Any CPU
		{2BF916A5-7FA2-4954-851B-E3A1A4E9A0F7}.Release|iPhoneSimulator.ActiveCfg = Release|Any CPU
		{2BF916A5-7FA2-4954-851B-E3A1A4E9A0F7}.Release|iPhoneSimulator.Build.0 = Release|Any CPU
		{2BF916A5-7FA2-4954-851B-E3A1A4E9A0F7}.Release|iPhoneSimulator.Deploy.0 = Release|Any CPU
		{2BF916A5-7FA2-4954-851B-E3A1A4E9A0F7}.Release|x64.ActiveCfg = Release|Any CPU
		{2BF916A5-7FA2-4954-851B-E3A1A4E9A0F7}.Release|x64.Build.0 = Release|Any CPU
		{2BF916A5-7FA2-4954-851B-E3A1A4E9A0F7}.Release|x64.Deploy.0 = Release|Any CPU
		{2BF916A5-7FA2-4954-851B-E3A1A4E9A0F7}.Release|x86.ActiveCfg = Release|Any CPU
		{2BF916A5-7FA2-4954-851B-E3A1A4E9A0F7}.Release|x86.Build.0 = Release|Any CPU
		{2BF916A5-7FA2-4954-851B-E3A1A4E9A0F7}.Release|x86.Deploy.0 = Release|Any CPU
		{4DA54D63-41C6-4398-AD57-70F10B0C977A}.Ad-Hoc|Any CPU.ActiveCfg = Ad-Hoc|iPhone
		{4DA54D63-41C6-4398-AD57-70F10B0C977A}.Ad-Hoc|ARM.ActiveCfg = Ad-Hoc|iPhone
		{4DA54D63-41C6-4398-AD57-70F10B0C977A}.Ad-Hoc|iPhone.ActiveCfg = Ad-Hoc|iPhone
		{4DA54D63-41C6-4398-AD57-70F10B0C977A}.Ad-Hoc|iPhone.Build.0 = Ad-Hoc|iPhone
		{4DA54D63-41C6-4398-AD57-70F10B0C977A}.Ad-Hoc|iPhoneSimulator.ActiveCfg = Ad-Hoc|iPhoneSimulator
		{4DA54D63-41C6-4398-AD57-70F10B0C977A}.Ad-Hoc|iPhoneSimulator.Build.0 = Ad-Hoc|iPhoneSimulator
		{4DA54D63-41C6-4398-AD57-70F10B0C977A}.Ad-Hoc|x64.ActiveCfg = Ad-Hoc|iPhone
		{4DA54D63-41C6-4398-AD57-70F10B0C977A}.Ad-Hoc|x86.ActiveCfg = Ad-Hoc|iPhone
		{4DA54D63-41C6-4398-AD57-70F10B0C977A}.AppStore|Any CPU.ActiveCfg = AppStore|iPhone
		{4DA54D63-41C6-4398-AD57-70F10B0C977A}.AppStore|ARM.ActiveCfg = AppStore|iPhone
		{4DA54D63-41C6-4398-AD57-70F10B0C977A}.AppStore|iPhone.ActiveCfg = AppStore|iPhone
		{4DA54D63-41C6-4398-AD57-70F10B0C977A}.AppStore|iPhone.Build.0 = AppStore|iPhone
		{4DA54D63-41C6-4398-AD57-70F10B0C977A}.AppStore|iPhoneSimulator.ActiveCfg = AppStore|iPhoneSimulator
		{4DA54D63-41C6-4398-AD57-70F10B0C977A}.AppStore|iPhoneSimulator.Build.0 = AppStore|iPhoneSimulator
		{4DA54D63-41C6-4398-AD57-70F10B0C977A}.AppStore|x64.ActiveCfg = AppStore|iPhone
		{4DA54D63-41C6-4398-AD57-70F10B0C977A}.AppStore|x86.ActiveCfg = AppStore|iPhone
		{4DA54D63-41C6-4398-AD57-70F10B0C977A}.Debug|Any CPU.ActiveCfg = Debug|iPhone
		{4DA54D63-41C6-4398-AD57-70F10B0C977A}.Debug|ARM.ActiveCfg = Debug|iPhone
		{4DA54D63-41C6-4398-AD57-70F10B0C977A}.Debug|iPhone.ActiveCfg = Debug|iPhone
		{4DA54D63-41C6-4398-AD57-70F10B0C977A}.Debug|iPhone.Build.0 = Debug|iPhone
		{4DA54D63-41C6-4398-AD57-70F10B0C977A}.Debug|iPhoneSimulator.ActiveCfg = Debug|iPhoneSimulator
		{4DA54D63-41C6-4398-AD57-70F10B0C977A}.Debug|iPhoneSimulator.Build.0 = Debug|iPhoneSimulator
		{4DA54D63-41C6-4398-AD57-70F10B0C977A}.Debug|x64.ActiveCfg = Debug|iPhone
		{4DA54D63-41C6-4398-AD57-70F10B0C977A}.Debug|x86.ActiveCfg = Debug|iPhone
		{4DA54D63-41C6-4398-AD57-70F10B0C977A}.Release|Any CPU.ActiveCfg = Release|iPhone
		{4DA54D63-41C6-4398-AD57-70F10B0C977A}.Release|ARM.ActiveCfg = Release|iPhone
		{4DA54D63-41C6-4398-AD57-70F10B0C977A}.Release|iPhone.ActiveCfg = Release|iPhone
		{4DA54D63-41C6-4398-AD57-70F10B0C977A}.Release|iPhone.Build.0 = Release|iPhone
		{4DA54D63-41C6-4398-AD57-70F10B0C977A}.Release|iPhoneSimulator.ActiveCfg = Release|iPhoneSimulator
		{4DA54D63-41C6-4398-AD57-70F10B0C977A}.Release|iPhoneSimulator.Build.0 = Release|iPhoneSimulator
		{4DA54D63-41C6-4398-AD57-70F10B0C977A}.Release|x64.ActiveCfg = Release|iPhone
		{4DA54D63-41C6-4398-AD57-70F10B0C977A}.Release|x86.ActiveCfg = Release|iPhone
		{DAA6285C-8324-4FD2-9A38-776728B5904B}.Ad-Hoc|Any CPU.ActiveCfg = Release|x64
		{DAA6285C-8324-4FD2-9A38-776728B5904B}.Ad-Hoc|Any CPU.Build.0 = Release|x64
		{DAA6285C-8324-4FD2-9A38-776728B5904B}.Ad-Hoc|Any CPU.Deploy.0 = Release|x64
		{DAA6285C-8324-4FD2-9A38-776728B5904B}.Ad-Hoc|ARM.ActiveCfg = Release|ARM
		{DAA6285C-8324-4FD2-9A38-776728B5904B}.Ad-Hoc|ARM.Build.0 = Release|ARM
		{DAA6285C-8324-4FD2-9A38-776728B5904B}.Ad-Hoc|ARM.Deploy.0 = Release|ARM
		{DAA6285C-8324-4FD2-9A38-776728B5904B}.Ad-Hoc|iPhone.ActiveCfg = Release|x64
		{DAA6285C-8324-4FD2-9A38-776728B5904B}.Ad-Hoc|iPhone.Build.0 = Release|x64
		{DAA6285C-8324-4FD2-9A38-776728B5904B}.Ad-Hoc|iPhone.Deploy.0 = Release|x64
		{DAA6285C-8324-4FD2-9A38-776728B5904B}.Ad-Hoc|iPhoneSimulator.ActiveCfg = Release|x64
		{DAA6285C-8324-4FD2-9A38-776728B5904B}.Ad-Hoc|iPhoneSimulator.Build.0 = Release|x64
		{DAA6285C-8324-4FD2-9A38-776728B5904B}.Ad-Hoc|iPhoneSimulator.Deploy.0 = Release|x64
		{DAA6285C-8324-4FD2-9A38-776728B5904B}.Ad-Hoc|x64.ActiveCfg = Release|x64
		{DAA6285C-8324-4FD2-9A38-776728B5904B}.Ad-Hoc|x64.Build.0 = Release|x64
		{DAA6285C-8324-4FD2-9A38-776728B5904B}.Ad-Hoc|x64.Deploy.0 = Release|x64
		{DAA6285C-8324-4FD2-9A38-776728B5904B}.Ad-Hoc|x86.ActiveCfg = Release|x86
		{DAA6285C-8324-4FD2-9A38-776728B5904B}.Ad-Hoc|x86.Build.0 = Release|x86
		{DAA6285C-8324-4FD2-9A38-776728B5904B}.Ad-Hoc|x86.Deploy.0 = Release|x86
		{DAA6285C-8324-4FD2-9A38-776728B5904B}.AppStore|Any CPU.ActiveCfg = Release|x64
		{DAA6285C-8324-4FD2-9A38-776728B5904B}.AppStore|Any CPU.Build.0 = Release|x64
		{DAA6285C-8324-4FD2-9A38-776728B5904B}.AppStore|Any CPU.Deploy.0 = Release|x64
		{DAA6285C-8324-4FD2-9A38-776728B5904B}.AppStore|ARM.ActiveCfg = Release|ARM
		{DAA6285C-8324-4FD2-9A38-776728B5904B}.AppStore|ARM.Build.0 = Release|ARM
		{DAA6285C-8324-4FD2-9A38-776728B5904B}.AppStore|ARM.Deploy.0 = Release|ARM
		{DAA6285C-8324-4FD2-9A38-776728B5904B}.AppStore|iPhone.ActiveCfg = Release|x64
		{DAA6285C-8324-4FD2-9A38-776728B5904B}.AppStore|iPhone.Build.0 = Release|x64
		{DAA6285C-8324-4FD2-9A38-776728B5904B}.AppStore|iPhone.Deploy.0 = Release|x64
		{DAA6285C-8324-4FD2-9A38-776728B5904B}.AppStore|iPhoneSimulator.ActiveCfg = Release|x64
		{DAA6285C-8324-4FD2-9A38-776728B5904B}.AppStore|iPhoneSimulator.Build.0 = Release|x64
		{DAA6285C-8324-4FD2-9A38-776728B5904B}.AppStore|iPhoneSimulator.Deploy.0 = Release|x64
		{DAA6285C-8324-4FD2-9A38-776728B5904B}.AppStore|x64.ActiveCfg = Release|x64
		{DAA6285C-8324-4FD2-9A38-776728B5904B}.AppStore|x64.Build.0 = Release|x64
		{DAA6285C-8324-4FD2-9A38-776728B5904B}.AppStore|x64.Deploy.0 = Release|x64
		{DAA6285C-8324-4FD2-9A38-776728B5904B}.AppStore|x86.ActiveCfg = Release|x86
		{DAA6285C-8324-4FD2-9A38-776728B5904B}.AppStore|x86.Build.0 = Release|x86
		{DAA6285C-8324-4FD2-9A38-776728B5904B}.AppStore|x86.Deploy.0 = Release|x86
		{DAA6285C-8324-4FD2-9A38-776728B5904B}.Debug|Any CPU.ActiveCfg = Debug|x86
		{DAA6285C-8324-4FD2-9A38-776728B5904B}.Debug|ARM.ActiveCfg = Debug|ARM
		{DAA6285C-8324-4FD2-9A38-776728B5904B}.Debug|ARM.Build.0 = Debug|ARM
		{DAA6285C-8324-4FD2-9A38-776728B5904B}.Debug|ARM.Deploy.0 = Debug|ARM
		{DAA6285C-8324-4FD2-9A38-776728B5904B}.Debug|iPhone.ActiveCfg = Debug|x86
		{DAA6285C-8324-4FD2-9A38-776728B5904B}.Debug|iPhoneSimulator.ActiveCfg = Debug|x86
		{DAA6285C-8324-4FD2-9A38-776728B5904B}.Debug|x64.ActiveCfg = Debug|x64
		{DAA6285C-8324-4FD2-9A38-776728B5904B}.Debug|x64.Build.0 = Debug|x64
		{DAA6285C-8324-4FD2-9A38-776728B5904B}.Debug|x64.Deploy.0 = Debug|x64
		{DAA6285C-8324-4FD2-9A38-776728B5904B}.Debug|x86.ActiveCfg = Debug|x86
		{DAA6285C-8324-4FD2-9A38-776728B5904B}.Debug|x86.Build.0 = Debug|x86
		{DAA6285C-8324-4FD2-9A38-776728B5904B}.Debug|x86.Deploy.0 = Debug|x86
		{DAA6285C-8324-4FD2-9A38-776728B5904B}.Release|Any CPU.ActiveCfg = Release|x86
		{DAA6285C-8324-4FD2-9A38-776728B5904B}.Release|ARM.ActiveCfg = Release|ARM
		{DAA6285C-8324-4FD2-9A38-776728B5904B}.Release|ARM.Build.0 = Release|ARM
		{DAA6285C-8324-4FD2-9A38-776728B5904B}.Release|ARM.Deploy.0 = Release|ARM
		{DAA6285C-8324-4FD2-9A38-776728B5904B}.Release|iPhone.ActiveCfg = Release|x86
		{DAA6285C-8324-4FD2-9A38-776728B5904B}.Release|iPhoneSimulator.ActiveCfg = Release|x86
		{DAA6285C-8324-4FD2-9A38-776728B5904B}.Release|x64.ActiveCfg = Release|x64
		{DAA6285C-8324-4FD2-9A38-776728B5904B}.Release|x64.Build.0 = Release|x64
		{DAA6285C-8324-4FD2-9A38-776728B5904B}.Release|x64.Deploy.0 = Release|x64
		{DAA6285C-8324-4FD2-9A38-776728B5904B}.Release|x86.ActiveCfg = Release|x86
		{DAA6285C-8324-4FD2-9A38-776728B5904B}.Release|x86.Build.0 = Release|x86
		{DAA6285C-8324-4FD2-9A38-776728B5904B}.Release|x86.Deploy.0 = Release|x86
		{C233BB84-6F94-4244-9F98-F1C246948CAB}.Ad-Hoc|Any CPU.ActiveCfg = Debug|Any CPU
		{C233BB84-6F94-4244-9F98-F1C246948CAB}.Ad-Hoc|Any CPU.Build.0 = Debug|Any CPU
		{C233BB84-6F94-4244-9F98-F1C246948CAB}.Ad-Hoc|ARM.ActiveCfg = Debug|Any CPU
		{C233BB84-6F94-4244-9F98-F1C246948CAB}.Ad-Hoc|ARM.Build.0 = Debug|Any CPU
		{C233BB84-6F94-4244-9F98-F1C246948CAB}.Ad-Hoc|iPhone.ActiveCfg = Debug|Any CPU
		{C233BB84-6F94-4244-9F98-F1C246948CAB}.Ad-Hoc|iPhone.Build.0 = Debug|Any CPU
		{C233BB84-6F94-4244-9F98-F1C246948CAB}.Ad-Hoc|iPhoneSimulator.ActiveCfg = Debug|Any CPU
		{C233BB84-6F94-4244-9F98-F1C246948CAB}.Ad-Hoc|iPhoneSimulator.Build.0 = Debug|Any CPU
		{C233BB84-6F94-4244-9F98-F1C246948CAB}.Ad-Hoc|x64.ActiveCfg = Debug|Any CPU
		{C233BB84-6F94-4244-9F98-F1C246948CAB}.Ad-Hoc|x64.Build.0 = Debug|Any CPU
		{C233BB84-6F94-4244-9F98-F1C246948CAB}.Ad-Hoc|x86.ActiveCfg = Debug|Any CPU
		{C233BB84-6F94-4244-9F98-F1C246948CAB}.Ad-Hoc|x86.Build.0 = Debug|Any CPU
		{C233BB84-6F94-4244-9F98-F1C246948CAB}.AppStore|Any CPU.ActiveCfg = Debug|Any CPU
		{C233BB84-6F94-4244-9F98-F1C246948CAB}.AppStore|Any CPU.Build.0 = Debug|Any CPU
		{C233BB84-6F94-4244-9F98-F1C246948CAB}.AppStore|ARM.ActiveCfg = Debug|Any CPU
		{C233BB84-6F94-4244-9F98-F1C246948CAB}.AppStore|ARM.Build.0 = Debug|Any CPU
		{C233BB84-6F94-4244-9F98-F1C246948CAB}.AppStore|iPhone.ActiveCfg = Debug|Any CPU
		{C233BB84-6F94-4244-9F98-F1C246948CAB}.AppStore|iPhone.Build.0 = Debug|Any CPU
		{C233BB84-6F94-4244-9F98-F1C246948CAB}.AppStore|iPhoneSimulator.ActiveCfg = Debug|Any CPU
		{C233BB84-6F94-4244-9F98-F1C246948CAB}.AppStore|iPhoneSimulator.Build.0 = Debug|Any CPU
		{C233BB84-6F94-4244-9F98-F1C246948CAB}.AppStore|x64.ActiveCfg = Debug|Any CPU
		{C233BB84-6F94-4244-9F98-F1C246948CAB}.AppStore|x64.Build.0 = Debug|Any CPU
		{C233BB84-6F94-4244-9F98-F1C246948CAB}.AppStore|x86.ActiveCfg = Debug|Any CPU
		{C233BB84-6F94-4244-9F98-F1C246948CAB}.AppStore|x86.Build.0 = Debug|Any CPU
		{C233BB84-6F94-4244-9F98-F1C246948CAB}.Debug|Any CPU.ActiveCfg = Debug|Any CPU
		{C233BB84-6F94-4244-9F98-F1C246948CAB}.Debug|Any CPU.Build.0 = Debug|Any CPU
		{C233BB84-6F94-4244-9F98-F1C246948CAB}.Debug|ARM.ActiveCfg = Debug|Any CPU
		{C233BB84-6F94-4244-9F98-F1C246948CAB}.Debug|ARM.Build.0 = Debug|Any CPU
		{C233BB84-6F94-4244-9F98-F1C246948CAB}.Debug|iPhone.ActiveCfg = Debug|Any CPU
		{C233BB84-6F94-4244-9F98-F1C246948CAB}.Debug|iPhone.Build.0 = Debug|Any CPU
		{C233BB84-6F94-4244-9F98-F1C246948CAB}.Debug|iPhoneSimulator.ActiveCfg = Debug|Any CPU
		{C233BB84-6F94-4244-9F98-F1C246948CAB}.Debug|iPhoneSimulator.Build.0 = Debug|Any CPU
		{C233BB84-6F94-4244-9F98-F1C246948CAB}.Debug|x64.ActiveCfg = Debug|Any CPU
		{C233BB84-6F94-4244-9F98-F1C246948CAB}.Debug|x64.Build.0 = Debug|Any CPU
		{C233BB84-6F94-4244-9F98-F1C246948CAB}.Debug|x86.ActiveCfg = Debug|Any CPU
		{C233BB84-6F94-4244-9F98-F1C246948CAB}.Debug|x86.Build.0 = Debug|Any CPU
		{C233BB84-6F94-4244-9F98-F1C246948CAB}.Release|Any CPU.ActiveCfg = Release|Any CPU
		{C233BB84-6F94-4244-9F98-F1C246948CAB}.Release|Any CPU.Build.0 = Release|Any CPU
		{C233BB84-6F94-4244-9F98-F1C246948CAB}.Release|ARM.ActiveCfg = Release|Any CPU
		{C233BB84-6F94-4244-9F98-F1C246948CAB}.Release|ARM.Build.0 = Release|Any CPU
		{C233BB84-6F94-4244-9F98-F1C246948CAB}.Release|iPhone.ActiveCfg = Release|Any CPU
		{C233BB84-6F94-4244-9F98-F1C246948CAB}.Release|iPhone.Build.0 = Release|Any CPU
		{C233BB84-6F94-4244-9F98-F1C246948CAB}.Release|iPhoneSimulator.ActiveCfg = Release|Any CPU
		{C233BB84-6F94-4244-9F98-F1C246948CAB}.Release|iPhoneSimulator.Build.0 = Release|Any CPU
		{C233BB84-6F94-4244-9F98-F1C246948CAB}.Release|x64.ActiveCfg = Release|Any CPU
		{C233BB84-6F94-4244-9F98-F1C246948CAB}.Release|x64.Build.0 = Release|Any CPU
		{C233BB84-6F94-4244-9F98-F1C246948CAB}.Release|x86.ActiveCfg = Release|Any CPU
		{C233BB84-6F94-4244-9F98-F1C246948CAB}.Release|x86.Build.0 = Release|Any CPU
		{03CD9170-5D69-4CE6-9524-9B359626A685}.Ad-Hoc|Any CPU.ActiveCfg = Debug|Any CPU
		{03CD9170-5D69-4CE6-9524-9B359626A685}.Ad-Hoc|Any CPU.Build.0 = Debug|Any CPU
		{03CD9170-5D69-4CE6-9524-9B359626A685}.Ad-Hoc|ARM.ActiveCfg = Debug|Any CPU
		{03CD9170-5D69-4CE6-9524-9B359626A685}.Ad-Hoc|ARM.Build.0 = Debug|Any CPU
		{03CD9170-5D69-4CE6-9524-9B359626A685}.Ad-Hoc|iPhone.ActiveCfg = Debug|Any CPU
		{03CD9170-5D69-4CE6-9524-9B359626A685}.Ad-Hoc|iPhone.Build.0 = Debug|Any CPU
		{03CD9170-5D69-4CE6-9524-9B359626A685}.Ad-Hoc|iPhoneSimulator.ActiveCfg = Debug|Any CPU
		{03CD9170-5D69-4CE6-9524-9B359626A685}.Ad-Hoc|iPhoneSimulator.Build.0 = Debug|Any CPU
		{03CD9170-5D69-4CE6-9524-9B359626A685}.Ad-Hoc|x64.ActiveCfg = Debug|Any CPU
		{03CD9170-5D69-4CE6-9524-9B359626A685}.Ad-Hoc|x64.Build.0 = Debug|Any CPU
		{03CD9170-5D69-4CE6-9524-9B359626A685}.Ad-Hoc|x86.ActiveCfg = Debug|Any CPU
		{03CD9170-5D69-4CE6-9524-9B359626A685}.Ad-Hoc|x86.Build.0 = Debug|Any CPU
		{03CD9170-5D69-4CE6-9524-9B359626A685}.AppStore|Any CPU.ActiveCfg = Debug|Any CPU
		{03CD9170-5D69-4CE6-9524-9B359626A685}.AppStore|Any CPU.Build.0 = Debug|Any CPU
		{03CD9170-5D69-4CE6-9524-9B359626A685}.AppStore|ARM.ActiveCfg = Debug|Any CPU
		{03CD9170-5D69-4CE6-9524-9B359626A685}.AppStore|ARM.Build.0 = Debug|Any CPU
		{03CD9170-5D69-4CE6-9524-9B359626A685}.AppStore|iPhone.ActiveCfg = Debug|Any CPU
		{03CD9170-5D69-4CE6-9524-9B359626A685}.AppStore|iPhone.Build.0 = Debug|Any CPU
		{03CD9170-5D69-4CE6-9524-9B359626A685}.AppStore|iPhoneSimulator.ActiveCfg = Debug|Any CPU
		{03CD9170-5D69-4CE6-9524-9B359626A685}.AppStore|iPhoneSimulator.Build.0 = Debug|Any CPU
		{03CD9170-5D69-4CE6-9524-9B359626A685}.AppStore|x64.ActiveCfg = Debug|Any CPU
		{03CD9170-5D69-4CE6-9524-9B359626A685}.AppStore|x64.Build.0 = Debug|Any CPU
		{03CD9170-5D69-4CE6-9524-9B359626A685}.AppStore|x86.ActiveCfg = Debug|Any CPU
		{03CD9170-5D69-4CE6-9524-9B359626A685}.AppStore|x86.Build.0 = Debug|Any CPU
		{03CD9170-5D69-4CE6-9524-9B359626A685}.Debug|Any CPU.ActiveCfg = Debug|Any CPU
		{03CD9170-5D69-4CE6-9524-9B359626A685}.Debug|Any CPU.Build.0 = Debug|Any CPU
		{03CD9170-5D69-4CE6-9524-9B359626A685}.Debug|ARM.ActiveCfg = Debug|Any CPU
		{03CD9170-5D69-4CE6-9524-9B359626A685}.Debug|ARM.Build.0 = Debug|Any CPU
		{03CD9170-5D69-4CE6-9524-9B359626A685}.Debug|iPhone.ActiveCfg = Debug|Any CPU
		{03CD9170-5D69-4CE6-9524-9B359626A685}.Debug|iPhone.Build.0 = Debug|Any CPU
		{03CD9170-5D69-4CE6-9524-9B359626A685}.Debug|iPhoneSimulator.ActiveCfg = Debug|Any CPU
		{03CD9170-5D69-4CE6-9524-9B359626A685}.Debug|iPhoneSimulator.Build.0 = Debug|Any CPU
		{03CD9170-5D69-4CE6-9524-9B359626A685}.Debug|x64.ActiveCfg = Debug|Any CPU
		{03CD9170-5D69-4CE6-9524-9B359626A685}.Debug|x64.Build.0 = Debug|Any CPU
		{03CD9170-5D69-4CE6-9524-9B359626A685}.Debug|x86.ActiveCfg = Debug|Any CPU
		{03CD9170-5D69-4CE6-9524-9B359626A685}.Debug|x86.Build.0 = Debug|Any CPU
		{03CD9170-5D69-4CE6-9524-9B359626A685}.Release|Any CPU.ActiveCfg = Release|Any CPU
		{03CD9170-5D69-4CE6-9524-9B359626A685}.Release|Any CPU.Build.0 = Release|Any CPU
		{03CD9170-5D69-4CE6-9524-9B359626A685}.Release|ARM.ActiveCfg = Release|Any CPU
		{03CD9170-5D69-4CE6-9524-9B359626A685}.Release|ARM.Build.0 = Release|Any CPU
		{03CD9170-5D69-4CE6-9524-9B359626A685}.Release|iPhone.ActiveCfg = Release|Any CPU
		{03CD9170-5D69-4CE6-9524-9B359626A685}.Release|iPhone.Build.0 = Release|Any CPU
		{03CD9170-5D69-4CE6-9524-9B359626A685}.Release|iPhoneSimulator.ActiveCfg = Release|Any CPU
		{03CD9170-5D69-4CE6-9524-9B359626A685}.Release|iPhoneSimulator.Build.0 = Release|Any CPU
		{03CD9170-5D69-4CE6-9524-9B359626A685}.Release|x64.ActiveCfg = Release|Any CPU
		{03CD9170-5D69-4CE6-9524-9B359626A685}.Release|x64.Build.0 = Release|Any CPU
		{03CD9170-5D69-4CE6-9524-9B359626A685}.Release|x86.ActiveCfg = Release|Any CPU
		{03CD9170-5D69-4CE6-9524-9B359626A685}.Release|x86.Build.0 = Release|Any CPU
	EndGlobalSection
	GlobalSection(SolutionProperties) = preSolution
		HideSolutionNode = FALSE
	EndGlobalSection
	GlobalSection(ExtensibilityGlobals) = postSolution
		SolutionGuid = {CFF58DF6-7696-4118-8CF3-F967D08049F7}
	EndGlobalSection
EndGlobal
